
Microsoft Visual Studio Solution File, Format Version 12.00
# Visual Studio Version 16
VisualStudioVersion = 16.0.29102.190
MinimumVisualStudioVersion = 10.0.40219.1
Project("{FAE04EC0-301F-11D3-BF4B-00C04F79EFBC}") = "MyUDP_server", "MyUDP_server\MyUDP_server.csproj", "{0030AA0E-A01E-42B3-AD85-56F71A8E7BA9}"
EndProject
Global
	GlobalSection(SolutionConfigurationPlatforms) = preSolution
		Debug|Any CPU = Debug|Any CPU
		Release|Any CPU = Release|Any CPU
	EndGlobalSection
	GlobalSection(ProjectConfigurationPlatforms) = postSolution
		{0030AA0E-A01E-42B3-AD85-56F71A8E7BA9}.Debug|Any CPU.ActiveCfg = Debug|Any CPU
		{0030AA0E-A01E-42B3-AD85-56F71A8E7BA9}.Debug|Any CPU.Build.0 = Debug|Any CPU
		{0030AA0E-A01E-42B3-AD85-56F71A8E7BA9}.Release|Any CPU.ActiveCfg = Release|Any CPU
		{0030AA0E-A01E-42B3-AD85-56F71A8E7BA9}.Release|Any CPU.Build.0 = Release|Any CPU
	EndGlobalSection
	GlobalSection(SolutionProperties) = preSolution
		HideSolutionNode = FALSE
	EndGlobalSection
	GlobalSection(ExtensibilityGlobals) = postSolution
		SolutionGuid = {D4F81B86-3FC1-44EF-8177-84CD1E315D5E}
	EndGlobalSection
EndGlobal
